{
  "name": "projeto_vite",
  "version": "0.0.0",
  "lockfileVersion": 2,
  "requires": true,
  "packages": {
    "": {
      "name": "projeto_vite",
      "version": "0.0.0",
      "dependencies": {
        "uuid": "^8.3.2"
      },
      "devDependencies": {
        "@types/uuid": "^8.3.4",
        "typescript": "^4.5.4",
        "vite": "^2.9.9"
      }
    },
    "node_modules/@types/uuid": {
      "version": "8.3.4",
      "resolved": "http://atf.intranet.bb.com.br:80/artifactory/api/npm/bb-npm-repo/@types/uuid/-/uuid-8.3.4.tgz",
      "integrity": "sha1-vYakNhffBZR4fTi3NfVcgFvs8bw=",
      "dev": true,
      "license": "MIT"
    },
    "node_modules/esbuild": {
      "version": "0.14.43",
      "resolved": "http://atf.intranet.bb.com.br:80/artifactory/api/npm/bb-npm-repo/esbuild/-/esbuild-0.14.43.tgz",
      "integrity": "sha1-wifVhcUS0+DyO4j1C44WUBFH9kc=",
      "dev": true,
      "hasInstallScript": true,
      "license": "MIT",
      "bin": {
        "esbuild": "bin/esbuild"
      },
      "engines": {
        "node": ">=12"
      },
      "optionalDependencies": {
        "esbuild-android-64": "0.14.43",
        "esbuild-android-arm64": "0.14.43",
        "esbuild-darwin-64": "0.14.43",
        "esbuild-darwin-arm64": "0.14.43",
        "esbuild-freebsd-64": "0.14.43",
        "esbuild-freebsd-arm64": "0.14.43",
        "esbuild-linux-32": "0.14.43",
        "esbuild-linux-64": "0.14.43",
        "esbuild-linux-arm": "0.14.43",
        "esbuild-linux-arm64": "0.14.43",
        "esbuild-linux-mips64le": "0.14.43",
        "esbuild-linux-ppc64le": "0.14.43",
        "esbuild-linux-riscv64": "0.14.43",
        "esbuild-linux-s390x": "0.14.43",
        "esbuild-netbsd-64": "0.14.43",
        "esbuild-openbsd-64": "0.14.43",
        "esbuild-sunos-64": "0.14.43",
        "esbuild-windows-32": "0.14.43",
        "esbuild-windows-64": "0.14.43",
        "esbuild-windows-arm64": "0.14.43"
      }
    },
    "node_modules/esbuild-android-64": {
      "version": "0.14.43",
      "resolved": "http://atf.intranet.bb.com.br:80/artifactory/api/npm/bb-npm-repo/esbuild-android-64/-/esbuild-android-64-0.14.43.tgz",
      "integrity": "sha1-Wb8+2taGPCeqkru1wdg6mlyYFJU=",
      "cpu": [
        "x64"
      ],
      "dev": true,
      "license": "MIT",
      "optional": true,
      "os": [
        "android"
      ],
      "engines": {
        "node": ">=12"
      }
    },
    "node_modules/esbuild-android-arm64": {
      "version": "0.14.43",
      "resolved": "http://atf.intranet.bb.com.br:80/artifactory/api/npm/bb-npm-repo/esbuild-android-arm64/-/esbuild-android-arm64-0.14.43.tgz",
      "integrity": "sha1-AlhwTt+SziRjr20pALhEtUI77WM=",
      "cpu": [
        "arm64"
      ],
      "dev": true,
      "license": "MIT",
      "optional": true,
      "os": [
        "android"
      ],
      "engines": {
        "node": ">=12"
      }
    },
    "node_modules/esbuild-darwin-64": {
      "version": "0.14.43",
      "resolved": "http://atf.intranet.bb.com.br:80/artifactory/api/npm/bb-npm-repo/esbuild-darwin-64/-/esbuild-darwin-64-0.14.43.tgz",
      "integrity": "sha1-cqRylWeNSqBlaXm6qM9tXIySZW8=",
      "cpu": [
        "x64"
      ],
      "dev": true,
      "license": "MIT",
      "optional": true,
      "os": [
        "darwin"
      ],
      "engines": {
        "node": ">=12"
      }
    },
    "node_modules/esbuild-darwin-arm64": {
      "version": "0.14.43",
      "resolved": "http://atf.intranet.bb.com.br:80/artifactory/api/npm/bb-npm-repo/esbuild-darwin-arm64/-/esbuild-darwin-arm64-0.14.43.tgz",
      "integrity": "sha1-X1gjFwuNhbiIlX8HlOGGyqxEeso=",
      "cpu": [
        "arm64"
      ],
      "dev": true,
      "license": "MIT",
      "optional": true,
      "os": [
        "darwin"
      ],
      "engines": {
        "node": ">=12"
      }
    },
    "node_modules/esbuild-freebsd-64": {
      "version": "0.14.43",
      "resolved": "http://atf.intranet.bb.com.br:80/artifactory/api/npm/bb-npm-repo/esbuild-freebsd-64/-/esbuild-freebsd-64-0.14.43.tgz",
      "integrity": "sha1-5KSLCBgQU4N+bNm9oZrgr5TUk7A=",
      "cpu": [
        "x64"
      ],
      "dev": true,
      "license": "MIT",
      "optional": true,
      "os": [
        "freebsd"
      ],
      "engines": {
        "node": ">=12"
      }
    },
    "node_modules/esbuild-freebsd-arm64": {
      "version": "0.14.43",
      "resolved": "http://atf.intranet.bb.com.br:80/artifactory/api/npm/bb-npm-repo/esbuild-freebsd-arm64/-/esbuild-freebsd-arm64-0.14.43.tgz",
      "integrity": "sha1-OG54DTbB3t86HNq3ngu6zYcydOY=",
      "cpu": [
        "arm64"
      ],
      "dev": true,
      "license": "MIT",
      "optional": true,
      "os": [
        "freebsd"
      ],
      "engines": {
        "node": ">=12"
      }
    },
    "node_modules/esbuild-linux-32": {
      "version": "0.14.43",
      "resolved": "http://atf.intranet.bb.com.br:80/artifactory/api/npm/bb-npm-repo/esbuild-linux-32/-/esbuild-linux-32-0.14.43.tgz",
      "integrity": "sha1-BA7WuevwbXOs3yrM5/HNDBL7xqU=",
      "cpu": [
        "ia32"
      ],
      "dev": true,
      "license": "MIT",
      "optional": true,
      "os": [
        "linux"
      ],
      "engines": {
        "node": ">=12"
      }
    },
    "node_modules/esbuild-linux-64": {
      "version": "0.14.43",
      "resolved": "http://atf.intranet.bb.com.br:80/artifactory/api/npm/bb-npm-repo/esbuild-linux-64/-/esbuild-linux-64-0.14.43.tgz",
      "integrity": "sha1-iru3WUq2oAjyquctldik/cWdkAA=",
      "cpu": [
        "x64"
      ],
      "dev": true,
      "license": "MIT",
      "optional": true,
      "os": [
        "linux"
      ],
      "engines": {
        "node": ">=12"
      }
    },
    "node_modules/esbuild-linux-arm": {
      "version": "0.14.43",
      "resolved": "http://atf.intranet.bb.com.br:80/artifactory/api/npm/bb-npm-repo/esbuild-linux-arm/-/esbuild-linux-arm-0.14.43.tgz",
      "integrity": "sha1-nkHuXgmcD/39FQ2hVDMMLAImzJY=",
      "cpu": [
        "arm"
      ],
      "dev": true,
      "license": "MIT",
      "optional": true,
      "os": [
        "linux"
      ],
      "engines": {
        "node": ">=12"
      }
    },
    "node_modules/esbuild-linux-arm64": {
      "version": "0.14.43",
      "resolved": "http://atf.intranet.bb.com.br:80/artifactory/api/npm/bb-npm-repo/esbuild-linux-arm64/-/esbuild-linux-arm64-0.14.43.tgz",
      "integrity": "sha1-To6c53y/fv7GXnnlErPS+9LaOY8=",
      "cpu": [
        "arm64"
      ],
      "dev": true,
      "license": "MIT",
      "optional": true,
      "os": [
        "linux"
      ],
      "engines": {
        "node": ">=12"
      }
    },
    "node_modules/esbuild-linux-mips64le": {
      "version": "0.14.43",
      "resolved": "http://atf.intranet.bb.com.br:80/artifactory/api/npm/bb-npm-repo/esbuild-linux-mips64le/-/esbuild-linux-mips64le-0.14.43.tgz",
      "integrity": "sha1-S0H0ZaeH+RzE/n3/oNyr9lWTWho=",
      "cpu": [
        "mips64el"
      ],
      "dev": true,
      "license": "MIT",
      "optional": true,
      "os": [
        "linux"
      ],
      "engines": {
        "node": ">=12"
      }
    },
    "node_modules/esbuild-linux-ppc64le": {
      "version": "0.14.43",
      "resolved": "http://atf.intranet.bb.com.br:80/artifactory/api/npm/bb-npm-repo/esbuild-linux-ppc64le/-/esbuild-linux-ppc64le-0.14.43.tgz",
      "integrity": "sha1-yhWTT1tGco3ZrAUnDng+f+rKnq8=",
      "cpu": [
        "ppc64"
      ],
      "dev": true,
      "license": "MIT",
      "optional": true,
      "os": [
        "linux"
      ],
      "engines": {
        "node": ">=12"
      }
    },
    "node_modules/esbuild-linux-riscv64": {
      "version": "0.14.43",
      "resolved": "http://atf.intranet.bb.com.br:80/artifactory/api/npm/bb-npm-repo/esbuild-linux-riscv64/-/esbuild-linux-riscv64-0.14.43.tgz",
      "integrity": "sha1-cPzitaBgWmfli1o1ew4AvhApg20=",
      "cpu": [
        "riscv64"
      ],
      "dev": true,
      "license": "MIT",
      "optional": true,
      "os": [
        "linux"
      ],
      "engines": {
        "node": ">=12"
      }
    },
    "node_modules/esbuild-linux-s390x": {
      "version": "0.14.43",
      "resolved": "http://atf.intranet.bb.com.br:80/artifactory/api/npm/bb-npm-repo/esbuild-linux-s390x/-/esbuild-linux-s390x-0.14.43.tgz",
      "integrity": "sha1-MY0DtPTMx/pErHViEhz0pFKeR3o=",
      "cpu": [
        "s390x"
      ],
      "dev": true,
      "license": "MIT",
      "optional": true,
      "os": [
        "linux"
      ],
      "engines": {
        "node": ">=12"
      }
    },
    "node_modules/esbuild-netbsd-64": {
      "version": "0.14.43",
      "resolved": "http://atf.intranet.bb.com.br:80/artifactory/api/npm/bb-npm-repo/esbuild-netbsd-64/-/esbuild-netbsd-64-0.14.43.tgz",
      "integrity": "sha1-hhMM4gTvAWKpboY7VYUe/syS9CM=",
      "cpu": [
        "x64"
      ],
      "dev": true,
      "license": "MIT",
      "optional": true,
      "os": [
        "netbsd"
      ],
      "engines": {
        "node": ">=12"
      }
    },
    "node_modules/esbuild-openbsd-64": {
      "version": "0.14.43",
      "resolved": "http://atf.intranet.bb.com.br:80/artifactory/api/npm/bb-npm-repo/esbuild-openbsd-64/-/esbuild-openbsd-64-0.14.43.tgz",
      "integrity": "sha1-AincLbLe2XsDu5O7p2RrMP/fXQ0=",
      "cpu": [
        "x64"
      ],
      "dev": true,
      "license": "MIT",
      "optional": true,
      "os": [
        "openbsd"
      ],
      "engines": {
        "node": ">=12"
      }
    },
    "node_modules/esbuild-sunos-64": {
      "version": "0.14.43",
      "resolved": "http://atf.intranet.bb.com.br:80/artifactory/api/npm/bb-npm-repo/esbuild-sunos-64/-/esbuild-sunos-64-0.14.43.tgz",
      "integrity": "sha1-F+MWIW658d4l1SqQADVq5bhp5zY=",
      "cpu": [
        "x64"
      ],
      "dev": true,
      "license": "MIT",
      "optional": true,
      "os": [
        "sunos"
      ],
      "engines": {
        "node": ">=12"
      }
    },
    "node_modules/esbuild-windows-32": {
      "version": "0.14.43",
      "resolved": "http://atf.intranet.bb.com.br:80/artifactory/api/npm/bb-npm-repo/esbuild-windows-32/-/esbuild-windows-32-0.14.43.tgz",
      "integrity": "sha1-oXN1e8bf0PJlb/QLZPf5KQdFd44=",
      "cpu": [
        "ia32"
      ],
      "dev": true,
      "license": "MIT",
      "optional": true,
      "os": [
        "win32"
      ],
      "engines": {
        "node": ">=12"
      }
    },
    "node_modules/esbuild-windows-64": {
      "version": "0.14.43",
      "resolved": "http://atf.intranet.bb.com.br:80/artifactory/api/npm/bb-npm-repo/esbuild-windows-64/-/esbuild-windows-64-0.14.43.tgz",
      "integrity": "sha1-xEeyMSaq0VjE/mo5Q0LK/ZeSbtE=",
      "cpu": [
        "x64"
      ],
      "dev": true,
      "license": "MIT",
      "optional": true,
      "os": [
        "win32"
      ],
      "engines": {
        "node": ">=12"
      }
    },
    "node_modules/esbuild-windows-arm64": {
      "version": "0.14.43",
      "resolved": "http://atf.intranet.bb.com.br:80/artifactory/api/npm/bb-npm-repo/esbuild-windows-arm64/-/esbuild-windows-arm64-0.14.43.tgz",
      "integrity": "sha1-PK7RtDDTlNeng2QHudNsR1AkbnY=",
      "cpu": [
        "arm64"
      ],
      "dev": true,
      "license": "MIT",
      "optional": true,
      "os": [
        "win32"
      ],
      "engines": {
        "node": ">=12"
      }
    },
    "node_modules/fsevents": {
      "version": "2.3.2",
      "resolved": "http://atf.intranet.bb.com.br:80/artifactory/api/npm/bb-npm-repo/fsevents/-/fsevents-2.3.2.tgz",
      "integrity": "sha1-ilJveLj99GI7cJ4Ll1xSwkwC/Ro=",
      "dev": true,
      "hasInstallScript": true,
      "license": "MIT",
      "optional": true,
      "os": [
        "darwin"
      ],
      "engines": {
        "node": "^8.16.0 || ^10.6.0 || >=11.0.0"
      }
    },
    "node_modules/function-bind": {
      "version": "1.1.1",
      "resolved": "http://atf.intranet.bb.com.br:80/artifactory/api/npm/bb-npm-repo/function-bind/-/function-bind-1.1.1.tgz",
      "integrity": "sha1-pWiZ0+o8m6uHS7l3O3xe3pL0iV0=",
      "dev": true,
      "license": "MIT"
    },
    "node_modules/has": {
      "version": "1.0.3",
      "resolved": "http://atf.intranet.bb.com.br:80/artifactory/api/npm/bb-npm-repo/has/-/has-1.0.3.tgz",
      "integrity": "sha1-ci18v8H2qoJB8W3YFOAR4fQeh5Y=",
      "dev": true,
      "license": "MIT",
      "dependencies": {
        "function-bind": "^1.1.1"
      },
      "engines": {
        "node": ">= 0.4.0"
      }
    },
    "node_modules/is-core-module": {
      "version": "2.9.0",
      "resolved": "http://atf.intranet.bb.com.br:80/artifactory/api/npm/bb-npm-repo/is-core-module/-/is-core-module-2.9.0.tgz",
      "integrity": "sha1-4cNEKc1Rxt2eCeB5njluJ7GanGk=",
      "dev": true,
      "license": "MIT",
      "dependencies": {
        "has": "^1.0.3"
      },
      "funding": {
        "url": "https://github.com/sponsors/ljharb"
      }
    },
    "node_modules/nanoid": {
      "version": "3.3.4",
      "resolved": "http://atf.intranet.bb.com.br:80/artifactory/api/npm/bb-npm-repo/nanoid/-/nanoid-3.3.4.tgz",
      "integrity": "sha1-cwtn480J4t6s8DwCfIHJ2dvF6Ks=",
      "dev": true,
      "license": "MIT",
      "bin": {
        "nanoid": "bin/nanoid.cjs"
      },
      "engines": {
        "node": "^10 || ^12 || ^13.7 || ^14 || >=15.0.1"
      }
    },
    "node_modules/path-parse": {
      "version": "1.0.7",
      "resolved": "http://atf.intranet.bb.com.br:80/artifactory/api/npm/bb-npm-repo/path-parse/-/path-parse-1.0.7.tgz",
      "integrity": "sha1-+8EUtgykKzDZ2vWFjkvWi77bZzU=",
      "dev": true,
      "license": "MIT"
    },
    "node_modules/picocolors": {
      "version": "1.0.0",
      "resolved": "http://atf.intranet.bb.com.br:80/artifactory/api/npm/bb-npm-repo/picocolors/-/picocolors-1.0.0.tgz",
      "integrity": "sha1-y1vcdP8/UYkiNur3nWi8RFZKuBw=",
      "dev": true,
      "license": "ISC"
    },
    "node_modules/postcss": {
      "version": "8.4.14",
      "resolved": "http://atf.intranet.bb.com.br:80/artifactory/api/npm/bb-npm-repo/postcss/-/postcss-8.4.14.tgz",
      "integrity": "sha1-7pJ01WIrSFjBAHp0125C5W/SHK8=",
      "dev": true,
      "funding": [
        {
          "type": "opencollective",
          "url": "https://opencollective.com/postcss/"
        },
        {
          "type": "tidelift",
          "url": "https://tidelift.com/funding/github/npm/postcss"
        }
      ],
      "license": "MIT",
      "dependencies": {
        "nanoid": "^3.3.4",
        "picocolors": "^1.0.0",
        "source-map-js": "^1.0.2"
      },
      "engines": {
        "node": "^10 || ^12 || >=14"
      }
    },
    "node_modules/resolve": {
      "version": "1.22.0",
      "resolved": "http://atf.intranet.bb.com.br:80/artifactory/api/npm/bb-npm-repo/resolve/-/resolve-1.22.0.tgz",
      "integrity": "sha1-XguMZ8Fd9XqJvbq+YDoALyFzEZg=",
      "dev": true,
      "license": "MIT",
      "dependencies": {
        "is-core-module": "^2.8.1",
        "path-parse": "^1.0.7",
        "supports-preserve-symlinks-flag": "^1.0.0"
      },
      "bin": {
        "resolve": "bin/resolve"
      },
      "funding": {
        "url": "https://github.com/sponsors/ljharb"
      }
    },
    "node_modules/rollup": {
      "version": "2.75.6",
      "resolved": "http://atf.intranet.bb.com.br:80/artifactory/api/npm/bb-npm-repo/rollup/-/rollup-2.75.6.tgz",
      "integrity": "sha1-rE3IYA+VlCoBgPYcfJ1iAON0tDk=",
      "dev": true,
      "license": "MIT",
      "bin": {
        "rollup": "dist/bin/rollup"
      },
      "engines": {
        "node": ">=10.0.0"
      },
      "optionalDependencies": {
        "fsevents": "~2.3.2"
      }
    },
    "node_modules/source-map-js": {
      "version": "1.0.2",
      "resolved": "http://atf.intranet.bb.com.br:80/artifactory/api/npm/bb-npm-repo/source-map-js/-/source-map-js-1.0.2.tgz",
      "integrity": "sha1-rbw2HZxi3zgBJefxYfccgm8eSQw=",
      "dev": true,
      "license": "BSD-3-Clause",
      "engines": {
        "node": ">=0.10.0"
      }
    },
    "node_modules/supports-preserve-symlinks-flag": {
      "version": "1.0.0",
      "resolved": "http://atf.intranet.bb.com.br:80/artifactory/api/npm/bb-npm-repo/supports-preserve-symlinks-flag/-/supports-preserve-symlinks-flag-1.0.0.tgz",
      "integrity": "sha1-btpL00SjyUrqN21MwxvHcxEDngk=",
      "dev": true,
      "license": "MIT",
      "engines": {
        "node": ">= 0.4"
      },
      "funding": {
        "url": "https://github.com/sponsors/ljharb"
      }
    },
    "node_modules/typescript": {
      "version": "4.7.3",
      "resolved": "http://atf.intranet.bb.com.br:80/artifactory/api/npm/bb-npm-repo/typescript/-/typescript-4.7.3.tgz",
      "integrity": "sha1-g2S1AtUle1QPneTEC+hMmOI6Ep0=",
      "dev": true,
      "license": "Apache-2.0",
      "bin": {
        "tsc": "bin/tsc",
        "tsserver": "bin/tsserver"
      },
      "engines": {
        "node": ">=4.2.0"
      }
    },
    "node_modules/uuid": {
      "version": "8.3.2",
      "resolved": "http://atf.intranet.bb.com.br:80/artifactory/api/npm/bb-npm-repo/uuid/-/uuid-8.3.2.tgz",
      "integrity": "sha1-gNW1ztJxu5r2xEXyGhoExgbO++I=",
      "license": "MIT",
      "bin": {
        "uuid": "dist/bin/uuid"
      }
    },
    "node_modules/vite": {
      "version": "2.9.12",
      "resolved": "http://atf.intranet.bb.com.br:80/artifactory/api/npm/bb-npm-repo/vite/-/vite-2.9.12.tgz",
      "integrity": "sha1-sdY2sKisY2r+nYPjeS1IlVCalBs=",
      "dev": true,
      "license": "MIT",
      "dependencies": {
        "esbuild": "^0.14.27",
        "postcss": "^8.4.13",
        "resolve": "^1.22.0",
        "rollup": "^2.59.0"
      },
      "bin": {
        "vite": "bin/vite.js"
      },
      "engines": {
        "node": ">=12.2.0"
      },
      "optionalDependencies": {
        "fsevents": "~2.3.2"
      },
      "peerDependencies": {
        "less": "*",
        "sass": "*",
        "stylus": "*"
      },
      "peerDependenciesMeta": {
        "less": {
          "optional": true
        },
        "sass": {
          "optional": true
        },
        "stylus": {
          "optional": true
        }
      }
    }
  },
  "dependencies": {
    "@types/uuid": {
      "version": "8.3.4",
      "resolved": "http://atf.intranet.bb.com.br:80/artifactory/api/npm/bb-npm-repo/@types/uuid/-/uuid-8.3.4.tgz",
      "integrity": "sha1-vYakNhffBZR4fTi3NfVcgFvs8bw=",
      "dev": true
    },
    "esbuild": {
      "version": "0.14.43",
      "resolved": "http://atf.intranet.bb.com.br:80/artifactory/api/npm/bb-npm-repo/esbuild/-/esbuild-0.14.43.tgz",
      "integrity": "sha1-wifVhcUS0+DyO4j1C44WUBFH9kc=",
      "dev": true,
      "requires": {
        "esbuild-android-64": "0.14.43",
        "esbuild-android-arm64": "0.14.43",
        "esbuild-darwin-64": "0.14.43",
        "esbuild-darwin-arm64": "0.14.43",
        "esbuild-freebsd-64": "0.14.43",
        "esbuild-freebsd-arm64": "0.14.43",
        "esbuild-linux-32": "0.14.43",
        "esbuild-linux-64": "0.14.43",
        "esbuild-linux-arm": "0.14.43",
        "esbuild-linux-arm64": "0.14.43",
        "esbuild-linux-mips64le": "0.14.43",
        "esbuild-linux-ppc64le": "0.14.43",
        "esbuild-linux-riscv64": "0.14.43",
        "esbuild-linux-s390x": "0.14.43",
        "esbuild-netbsd-64": "0.14.43",
        "esbuild-openbsd-64": "0.14.43",
        "esbuild-sunos-64": "0.14.43",
        "esbuild-windows-32": "0.14.43",
        "esbuild-windows-64": "0.14.43",
        "esbuild-windows-arm64": "0.14.43"
      }
    },
    "esbuild-android-64": {
      "version": "0.14.43",
      "resolved": "http://atf.intranet.bb.com.br:80/artifactory/api/npm/bb-npm-repo/esbuild-android-64/-/esbuild-android-64-0.14.43.tgz",
      "integrity": "sha1-Wb8+2taGPCeqkru1wdg6mlyYFJU=",
      "dev": true,
      "optional": true
    },
    "esbuild-android-arm64": {
      "version": "0.14.43",
      "resolved": "http://atf.intranet.bb.com.br:80/artifactory/api/npm/bb-npm-repo/esbuild-android-arm64/-/esbuild-android-arm64-0.14.43.tgz",
      "integrity": "sha1-AlhwTt+SziRjr20pALhEtUI77WM=",
      "dev": true,
      "optional": true
    },
    "esbuild-darwin-64": {
      "version": "0.14.43",
      "resolved": "http://atf.intranet.bb.com.br:80/artifactory/api/npm/bb-npm-repo/esbuild-darwin-64/-/esbuild-darwin-64-0.14.43.tgz",
      "integrity": "sha1-cqRylWeNSqBlaXm6qM9tXIySZW8=",
      "dev": true,
      "optional": true
    },
    "esbuild-darwin-arm64": {
      "version": "0.14.43",
      "resolved": "http://atf.intranet.bb.com.br:80/artifactory/api/npm/bb-npm-repo/esbuild-darwin-arm64/-/esbuild-darwin-arm64-0.14.43.tgz",
      "integrity": "sha1-X1gjFwuNhbiIlX8HlOGGyqxEeso=",
      "dev": true,
      "optional": true
    },
    "esbuild-freebsd-64": {
      "version": "0.14.43",
      "resolved": "http://atf.intranet.bb.com.br:80/artifactory/api/npm/bb-npm-repo/esbuild-freebsd-64/-/esbuild-freebsd-64-0.14.43.tgz",
      "integrity": "sha1-5KSLCBgQU4N+bNm9oZrgr5TUk7A=",
      "dev": true,
      "optional": true
    },
    "esbuild-freebsd-arm64": {
      "version": "0.14.43",
      "resolved": "http://atf.intranet.bb.com.br:80/artifactory/api/npm/bb-npm-repo/esbuild-freebsd-arm64/-/esbuild-freebsd-arm64-0.14.43.tgz",
      "integrity": "sha1-OG54DTbB3t86HNq3ngu6zYcydOY=",
      "dev": true,
      "optional": true
    },
    "esbuild-linux-32": {
      "version": "0.14.43",
      "resolved": "http://atf.intranet.bb.com.br:80/artifactory/api/npm/bb-npm-repo/esbuild-linux-32/-/esbuild-linux-32-0.14.43.tgz",
      "integrity": "sha1-BA7WuevwbXOs3yrM5/HNDBL7xqU=",
      "dev": true,
      "optional": true
    },
    "esbuild-linux-64": {
      "version": "0.14.43",
      "resolved": "http://atf.intranet.bb.com.br:80/artifactory/api/npm/bb-npm-repo/esbuild-linux-64/-/esbuild-linux-64-0.14.43.tgz",
      "integrity": "sha1-iru3WUq2oAjyquctldik/cWdkAA=",
      "dev": true,
      "optional": true
    },
    "esbuild-linux-arm": {
      "version": "0.14.43",
      "resolved": "http://atf.intranet.bb.com.br:80/artifactory/api/npm/bb-npm-repo/esbuild-linux-arm/-/esbuild-linux-arm-0.14.43.tgz",
      "integrity": "sha1-nkHuXgmcD/39FQ2hVDMMLAImzJY=",
      "dev": true,
      "optional": true
    },
    "esbuild-linux-arm64": {
      "version": "0.14.43",
      "resolved": "http://atf.intranet.bb.com.br:80/artifactory/api/npm/bb-npm-repo/esbuild-linux-arm64/-/esbuild-linux-arm64-0.14.43.tgz",
      "integrity": "sha1-To6c53y/fv7GXnnlErPS+9LaOY8=",
      "dev": true,
      "optional": true
    },
    "esbuild-linux-mips64le": {
      "version": "0.14.43",
      "resolved": "http://atf.intranet.bb.com.br:80/artifactory/api/npm/bb-npm-repo/esbuild-linux-mips64le/-/esbuild-linux-mips64le-0.14.43.tgz",
      "integrity": "sha1-S0H0ZaeH+RzE/n3/oNyr9lWTWho=",
      "dev": true,
      "optional": true
    },
    "esbuild-linux-ppc64le": {
      "version": "0.14.43",
      "resolved": "http://atf.intranet.bb.com.br:80/artifactory/api/npm/bb-npm-repo/esbuild-linux-ppc64le/-/esbuild-linux-ppc64le-0.14.43.tgz",
      "integrity": "sha1-yhWTT1tGco3ZrAUnDng+f+rKnq8=",
      "dev": true,
      "optional": true
    },
    "esbuild-linux-riscv64": {
      "version": "0.14.43",
      "resolved": "http://atf.intranet.bb.com.br:80/artifactory/api/npm/bb-npm-repo/esbuild-linux-riscv64/-/esbuild-linux-riscv64-0.14.43.tgz",
      "integrity": "sha1-cPzitaBgWmfli1o1ew4AvhApg20=",
      "dev": true,
      "optional": true
    },
    "esbuild-linux-s390x": {
      "version": "0.14.43",
      "resolved": "http://atf.intranet.bb.com.br:80/artifactory/api/npm/bb-npm-repo/esbuild-linux-s390x/-/esbuild-linux-s390x-0.14.43.tgz",
      "integrity": "sha1-MY0DtPTMx/pErHViEhz0pFKeR3o=",
      "dev": true,
      "optional": true
    },
    "esbuild-netbsd-64": {
      "version": "0.14.43",
      "resolved": "http://atf.intranet.bb.com.br:80/artifactory/api/npm/bb-npm-repo/esbuild-netbsd-64/-/esbuild-netbsd-64-0.14.43.tgz",
      "integrity": "sha1-hhMM4gTvAWKpboY7VYUe/syS9CM=",
      "dev": true,
      "optional": true
    },
    "esbuild-openbsd-64": {
      "version": "0.14.43",
      "resolved": "http://atf.intranet.bb.com.br:80/artifactory/api/npm/bb-npm-repo/esbuild-openbsd-64/-/esbuild-openbsd-64-0.14.43.tgz",
      "integrity": "sha1-AincLbLe2XsDu5O7p2RrMP/fXQ0=",
      "dev": true,
      "optional": true
    },
    "esbuild-sunos-64": {
      "version": "0.14.43",
      "resolved": "http://atf.intranet.bb.com.br:80/artifactory/api/npm/bb-npm-repo/esbuild-sunos-64/-/esbuild-sunos-64-0.14.43.tgz",
      "integrity": "sha1-F+MWIW658d4l1SqQADVq5bhp5zY=",
      "dev": true,
      "optional": true
    },
    "esbuild-windows-32": {
      "version": "0.14.43",
      "resolved": "http://atf.intranet.bb.com.br:80/artifactory/api/npm/bb-npm-repo/esbuild-windows-32/-/esbuild-windows-32-0.14.43.tgz",
      "integrity": "sha1-oXN1e8bf0PJlb/QLZPf5KQdFd44=",
      "dev": true,
      "optional": true
    },
    "esbuild-windows-64": {
      "version": "0.14.43",
      "resolved": "http://atf.intranet.bb.com.br:80/artifactory/api/npm/bb-npm-repo/esbuild-windows-64/-/esbuild-windows-64-0.14.43.tgz",
      "integrity": "sha1-xEeyMSaq0VjE/mo5Q0LK/ZeSbtE=",
      "dev": true,
      "optional": true
    },
    "esbuild-windows-arm64": {
      "version": "0.14.43",
      "resolved": "http://atf.intranet.bb.com.br:80/artifactory/api/npm/bb-npm-repo/esbuild-windows-arm64/-/esbuild-windows-arm64-0.14.43.tgz",
      "integrity": "sha1-PK7RtDDTlNeng2QHudNsR1AkbnY=",
      "dev": true,
      "optional": true
    },
    "fsevents": {
      "version": "2.3.2",
      "resolved": "http://atf.intranet.bb.com.br:80/artifactory/api/npm/bb-npm-repo/fsevents/-/fsevents-2.3.2.tgz",
      "integrity": "sha1-ilJveLj99GI7cJ4Ll1xSwkwC/Ro=",
      "dev": true,
      "optional": true
    },
    "function-bind": {
      "version": "1.1.1",
      "resolved": "http://atf.intranet.bb.com.br:80/artifactory/api/npm/bb-npm-repo/function-bind/-/function-bind-1.1.1.tgz",
      "integrity": "sha1-pWiZ0+o8m6uHS7l3O3xe3pL0iV0=",
      "dev": true
    },
    "has": {
      "version": "1.0.3",
      "resolved": "http://atf.intranet.bb.com.br:80/artifactory/api/npm/bb-npm-repo/has/-/has-1.0.3.tgz",
      "integrity": "sha1-ci18v8H2qoJB8W3YFOAR4fQeh5Y=",
      "dev": true,
      "requires": {
        "function-bind": "^1.1.1"
      }
    },
    "is-core-module": {
      "version": "2.9.0",
      "resolved": "http://atf.intranet.bb.com.br:80/artifactory/api/npm/bb-npm-repo/is-core-module/-/is-core-module-2.9.0.tgz",
      "integrity": "sha1-4cNEKc1Rxt2eCeB5njluJ7GanGk=",
      "dev": true,
      "requires": {
        "has": "^1.0.3"
      }
    },
    "nanoid": {
      "version": "3.3.4",
      "resolved": "http://atf.intranet.bb.com.br:80/artifactory/api/npm/bb-npm-repo/nanoid/-/nanoid-3.3.4.tgz",
      "integrity": "sha1-cwtn480J4t6s8DwCfIHJ2dvF6Ks=",
      "dev": true
    },
    "path-parse": {
      "version": "1.0.7",
      "resolved": "http://atf.intranet.bb.com.br:80/artifactory/api/npm/bb-npm-repo/path-parse/-/path-parse-1.0.7.tgz",
      "integrity": "sha1-+8EUtgykKzDZ2vWFjkvWi77bZzU=",
      "dev": true
    },
    "picocolors": {
      "version": "1.0.0",
      "resolved": "http://atf.intranet.bb.com.br:80/artifactory/api/npm/bb-npm-repo/picocolors/-/picocolors-1.0.0.tgz",
      "integrity": "sha1-y1vcdP8/UYkiNur3nWi8RFZKuBw=",
      "dev": true
    },
    "postcss": {
      "version": "8.4.14",
      "resolved": "http://atf.intranet.bb.com.br:80/artifactory/api/npm/bb-npm-repo/postcss/-/postcss-8.4.14.tgz",
      "integrity": "sha1-7pJ01WIrSFjBAHp0125C5W/SHK8=",
      "dev": true,
      "requires": {
        "nanoid": "^3.3.4",
        "picocolors": "^1.0.0",
        "source-map-js": "^1.0.2"
      }
    },
    "resolve": {
      "version": "1.22.0",
      "resolved": "http://atf.intranet.bb.com.br:80/artifactory/api/npm/bb-npm-repo/resolve/-/resolve-1.22.0.tgz",
      "integrity": "sha1-XguMZ8Fd9XqJvbq+YDoALyFzEZg=",
      "dev": true,
      "requires": {
        "is-core-module": "^2.8.1",
        "path-parse": "^1.0.7",
        "supports-preserve-symlinks-flag": "^1.0.0"
      }
    },
    "rollup": {
      "version": "2.75.6",
      "resolved": "http://atf.intranet.bb.com.br:80/artifactory/api/npm/bb-npm-repo/rollup/-/rollup-2.75.6.tgz",
      "integrity": "sha1-rE3IYA+VlCoBgPYcfJ1iAON0tDk=",
      "dev": true,
      "requires": {
        "fsevents": "~2.3.2"
      }
    },
    "source-map-js": {
      "version": "1.0.2",
      "resolved": "http://atf.intranet.bb.com.br:80/artifactory/api/npm/bb-npm-repo/source-map-js/-/source-map-js-1.0.2.tgz",
      "integrity": "sha1-rbw2HZxi3zgBJefxYfccgm8eSQw=",
      "dev": true
    },
    "supports-preserve-symlinks-flag": {
      "version": "1.0.0",
      "resolved": "http://atf.intranet.bb.com.br:80/artifactory/api/npm/bb-npm-repo/supports-preserve-symlinks-flag/-/supports-preserve-symlinks-flag-1.0.0.tgz",
      "integrity": "sha1-btpL00SjyUrqN21MwxvHcxEDngk=",
      "dev": true
    },
    "typescript": {
      "version": "4.7.3",
      "resolved": "http://atf.intranet.bb.com.br:80/artifactory/api/npm/bb-npm-repo/typescript/-/typescript-4.7.3.tgz",
      "integrity": "sha1-g2S1AtUle1QPneTEC+hMmOI6Ep0=",
      "dev": true
    },
    "uuid": {
      "version": "8.3.2",
      "resolved": "http://atf.intranet.bb.com.br:80/artifactory/api/npm/bb-npm-repo/uuid/-/uuid-8.3.2.tgz",
      "integrity": "sha1-gNW1ztJxu5r2xEXyGhoExgbO++I="
    },
    "vite": {
      "version": "2.9.12",
      "resolved": "http://atf.intranet.bb.com.br:80/artifactory/api/npm/bb-npm-repo/vite/-/vite-2.9.12.tgz",
      "integrity": "sha1-sdY2sKisY2r+nYPjeS1IlVCalBs=",
      "dev": true,
      "requires": {
        "esbuild": "^0.14.27",
        "fsevents": "~2.3.2",
        "postcss": "^8.4.13",
        "resolve": "^1.22.0",
        "rollup": "^2.59.0"
      }
    }
  }
}
